{
  "name": "tapbanking",
  "version": "0.1.0",
  "lockfileVersion": 1,
  "requires": true,
  "dependencies": {
    "@material-ui/core": {
      "version": "3.9.2",
      "resolved": "https://registry.npmjs.org/@material-ui/core/-/core-3.9.2.tgz",
      "integrity": "sha512-aukR3mSH3g115St2OnqoeMRtmxzxxx+Mch7pFKRV3Tz3URExBlZwOolimjxKZpG4LGec8HlhREawafLsDzjVWQ=="
    },
    "axios": {
      "version": "0.21.1",
      "resolved": "https://registry.npmjs.org/axios/-/axios-0.21.1.tgz",
      "integrity": "sha512-dKQiRHxGD9PPRIUNIWvZhPTPpl1rf/OxTYKsqKUDjBwYylTvV7SjSHJb9ratfyzM6wCdLCOYLzs73qpg5c4iGA==",
      "requires": {
        "follow-redirects": "^1.10.0"
      },
      "dependencies": {
        "follow-redirects": {
          "version": "1.13.1",
          "resolved": "https://registry.npmjs.org/follow-redirects/-/follow-redirects-1.13.1.tgz",
          "integrity": "sha512-SSG5xmZh1mkPGyKzjZP8zLjltIfpW32Y5QpdNJyjcfGxK3qo3NDDkZOZSFiGn1A6SclQxY9GzEwAHQ3dmYRWpg=="
        }
      }
    },
    "currency-symbol-map": {
      "version": "4.0.4",
      "resolved": "https://registry.npmjs.org/currency-symbol-map/-/currency-symbol-map-4.0.4.tgz",
      "integrity": "sha512-hkSCCopJXVsvIZIiumJc6FoNXR5LQ646c3ufzF0yfv3155PYygysHw24JuzPSg4j86EFpvtgeX+vEhzRtcJ5Ag=="
    },
    "firebase": {
      "version": "5.9.1",
      "resolved": "https://registry.npmjs.org/firebase/-/firebase-5.9.1.tgz",
      "integrity": "sha512-L4edGoHlWY4EM1IA2ItpDushst+Sg9JZ3D3elHaxtg4tutYZOE8TsP+xjp/yC/iruhUVeXTIVBit4H6+pFw6qg=="
    },
    "husky": {
      "version": "1.3.1",
      "resolved": "https://registry.npmjs.org/husky/-/husky-1.3.1.tgz",
      "integrity": "sha512-86U6sVVVf4b5NYSZ0yvv88dRgBSSXXmHaiq5pP4KDj5JVzdwKgBjEtUPOm8hcoytezFwbU+7gotXNhpHdystlg==",
      "dev": true,
      "dependencies": {
        "ci-info": {
          "version": "2.0.0",
          "resolved": "https://registry.npmjs.org/ci-info/-/ci-info-2.0.0.tgz",
          "integrity": "sha512-5tK7EtrZ0N+OLFMthtqOj4fI2Jeb88C4CAZPu25LDVUgXJ0A3Js4PMGqrn0JU1W0Mh1/Z8wZzYPxqUrXeBboCQ=="
        },
        "execa": {
          "version": "1.0.0",
          "resolved": "https://registry.npmjs.org/execa/-/execa-1.0.0.tgz",
          "integrity": "sha512-adbxcyWV46qiHyvSp50TKt05tB4tK3HcmF7/nxfAdhnox83seTDbwnaqKO4sXRy7roHAIFqJP/Rw/AuEbX61LA=="
        },
        "find-up": {
          "version": "3.0.0",
          "resolved": "https://registry.npmjs.org/find-up/-/find-up-3.0.0.tgz",
          "integrity": "sha512-1yD6RmLI1XBfxugvORwlck6f75tYL+iR0jqwsOrOxMZyGYqUuDhJ0l4AXdO1iX/FTs9cBAMEk1gWSEx1kSbylg=="
        },
        "get-stream": {
          "version": "4.1.0",
          "resolved": "https://registry.npmjs.org/get-stream/-/get-stream-4.1.0.tgz",
          "integrity": "sha512-GMat4EJ5161kIy2HevLlr4luNjBgvmj413KaQA7jt4V8B4RDsfpHk7WQ9GVqfYyyx8OS/L66Kox+rJRNklLK7w=="
        },
        "is-ci": {
          "version": "2.0.0",
          "resolved": "https://registry.npmjs.org/is-ci/-/is-ci-2.0.0.tgz",
          "integrity": "sha512-YfJT7rkpQB0updsdHLGWrvhBJfcfzNNawYDNIyQXJz0IViGf75O8EBPKSdvw2rF+LGCsX4FZ8tcr3b19LcZq4w=="
        },
        "locate-path": {
          "version": "3.0.0",
          "resolved": "https://registry.npmjs.org/locate-path/-/locate-path-3.0.0.tgz",
          "integrity": "sha512-7AO748wWnIhNqAuaty2ZWHkQHRSNfPVIsPIfwEOWO22AmaoVrWavlOcMR5nzTLNYvp36X220/maaRsrec1G65A=="
        },
        "p-limit": {
          "version": "2.2.0",
          "resolved": "https://registry.npmjs.org/p-limit/-/p-limit-2.2.0.tgz",
          "integrity": "sha512-pZbTJpoUsCzV48Mc9Nh51VbwO0X9cuPFE8gYwx9BTCt9SF8/b7Zljd2fVgOxhIF/HDTKgpVzs+GPhyKfjLLFRQ=="
        },
        "p-locate": {
          "version": "3.0.0",
          "resolved": "https://registry.npmjs.org/p-locate/-/p-locate-3.0.0.tgz",
          "integrity": "sha512-x+12w/To+4GFfgJhBEpiDcLozRJGegY+Ei7/z0tSLkMmxGZNybVMSfWj9aJn8Z5Fc7dBUNJOOVgPv2H7IwulSQ=="
        },
        "p-try": {
          "version": "2.1.0",
          "resolved": "https://registry.npmjs.org/p-try/-/p-try-2.1.0.tgz",
          "integrity": "sha512-H2RyIJ7+A3rjkwKC2l5GGtU4H1vkxKCAGsWasNVd0Set+6i4znxbWy6/j16YDPJDWxhsgZiKAstMEP8wCdSpjA=="
        },
        "pify": {
          "version": "3.0.0",
          "resolved": "https://registry.npmjs.org/pify/-/pify-3.0.0.tgz",
          "integrity": "sha1-5aSs0sEB/fPZpNB/DbxNtJ3SgXY="
        },
        "read-pkg": {
          "version": "4.0.1",
          "resolved": "https://registry.npmjs.org/read-pkg/-/read-pkg-4.0.1.tgz",
          "integrity": "sha1-ljYlN48+HE1IyFhytabsfV0JMjc="
        },
        "slash": {
          "version": "2.0.0",
          "resolved": "https://registry.npmjs.org/slash/-/slash-2.0.0.tgz",
          "integrity": "sha512-ZYKh3Wh2z1PpEXWr0MpSBZ0V6mZHAQfYevttO11c51CaWjGTaadiKZ+wVt1PbMlDV5qhMFslpZCemhwOK7C89A=="
        }
      }
    },
    "prettier": {
      "version": "1.16.4",
      "resolved": "https://registry.npmjs.org/prettier/-/prettier-1.16.4.tgz",
      "integrity": "sha512-ZzWuos7TI5CKUeQAtFd6Zhm2s6EpAD/ZLApIhsF9pRvRtM1RFo61dM/4MSRUA0SuLugA/zgrZD8m0BaY46Og7g=="
    },
    "pretty-quick": {
      "version": "1.10.0",
      "resolved": "https://registry.npmjs.org/pretty-quick/-/pretty-quick-1.10.0.tgz",
      "integrity": "sha512-uNvm2N3UWmnZRZrClyQI45hIbV20f5BpSyZY51Spbvn4APp9+XLyX4bCjWRGT3fGyVyQ/2/iw7dbQq1UUaq7SQ==",
      "dev": true,
      "dependencies": {
        "cross-spawn": {
          "version": "5.1.0",
          "resolved": "https://registry.npmjs.org/cross-spawn/-/cross-spawn-5.1.0.tgz",
          "integrity": "sha1-6L0O/uWPz/b4+UUQoKVUu/ojVEk="
        },
        "execa": {
          "version": "0.8.0",
          "resolved": "https://registry.npmjs.org/execa/-/execa-0.8.0.tgz",
          "integrity": "sha1-2NdrvBtVIX7RkP1t1J08d07PyNo="
        },
        "ignore": {
          "version": "3.3.10",
          "resolved": "https://registry.npmjs.org/ignore/-/ignore-3.3.10.tgz",
          "integrity": "sha512-Pgs951kaMm5GXP7MOvxERINe3gsaVjUWFm+UZPSq9xYriQAksyhg0csnS0KXSNRD5NmNdapXEpjxG49+AKh/ug=="
        }
      }
    },
    "react": {
      "version": "16.8.5",
      "resolved": "https://registry.npmjs.org/react/-/react-16.8.5.tgz",
      "integrity": "sha512-daCb9TD6FZGvJ3sg8da1tRAtIuw29PbKZW++NN4wqkbEvxL+bZpaaYb4xuftW/SpXmgacf1skXl/ddX6CdOlDw=="
    },
    "react-dom": {
      "version": "16.8.5",
      "resolved": "https://registry.npmjs.org/react-dom/-/react-dom-16.8.5.tgz",
      "integrity": "sha512-VIEIvZLpFafsfu4kgmftP5L8j7P1f0YThfVTrANMhZUFMDOsA6e0kfR6wxw/8xxKs4NB59TZYbxNdPCDW34x4w=="
    },
    "react-icons": {
      "version": "3.5.0",
      "resolved": "https://registry.npmjs.org/react-icons/-/react-icons-3.5.0.tgz",
      "integrity": "sha512-LuKUcavgPWjPrRkIdNbsGw8LqcnhfNN0AGCtU4Td1UkOenJSIWbYppSJrD6zi/TDZOHtTs9opu6ZKB/NFWk21g=="
    },
    "react-plaid-link": {
      "version": "1.2.0",
      "resolved": "https://registry.npmjs.org/react-plaid-link/-/react-plaid-link-1.2.0.tgz",
      "integrity": "sha512-u5K0hIjMjk/KEpwvL9vNLIuV8C7Jb2iAtPRSVOt1qhUtE9smi3plH5JZWAByIbWz7mHO4bUUBmsogkyUsBS1xA=="
    },
    "react-redux": {
      "version": "6.0.1",
      "resolved": "https://registry.npmjs.org/react-redux/-/react-redux-6.0.1.tgz",
      "integrity": "sha512-T52I52Kxhbqy/6TEfBv85rQSDz6+Y28V/pf52vDWs1YRXG19mcFOGfHnY2HsNFHyhP+ST34Aih98fvt6tqwVcQ=="
    },
    "react-router-dom": {
      "version": "4.3.1",
      "resolved": "https://registry.npmjs.org/react-router-dom/-/react-router-dom-4.3.1.tgz",
      "integrity": "sha512-c/MlywfxDdCp7EnB7YfPMOfMD3tOtIjrQlj/CKfNMBxdmpJP8xcz5P/UAFn3JbnQCNUxsHyVVqllF9LhgVyFCA=="
    },
    "react-scripts": {
      "version": "2.1.8",
      "resolved": "https://registry.npmjs.org/react-scripts/-/react-scripts-2.1.8.tgz",
      "integrity": "sha512-mDC8fYWCyuB9VROti8OCPdHE79UEchVVZmuS/yaIs47VkvZpgZqUvzghYBswZRchqnW0aARNY8xXrzoFRhhK7A=="
    },
    "react-toastify": {
      "version": "4.5.2",
      "resolved": "https://registry.npmjs.org/react-toastify/-/react-toastify-4.5.2.tgz",
      "integrity": "sha512-KymDDhkcX5EvFht17nO0MCsegM/Kdhyfxhi+WQl2tE3IxJrueOhY6TUnALTfvz7eDRUjPYBGb+ywWqWrGyvBnw=="
    },
    "redux": {
      "version": "4.0.4",
      "resolved": "https://registry.npmjs.org/redux/-/redux-4.0.4.tgz",
      "integrity": "sha512-vKv4WdiJxOWKxK0yRoaK3Y4pxxB0ilzVx6dszU2W8wLxlb2yikRph4iV/ymtdJ6ZxpBLFbyrxklnT5yBbQSl3Q=="
    }
  }
}
